
Microsoft Visual Studio Solution File, Format Version 12.00
# Visual Studio Version 16
VisualStudioVersion = 16.0.29009.5
MinimumVisualStudioVersion = 10.0.40219.1
Project("{151D2E53-A2C4-4D7D-83FE-D05416EBD58E}") = "test0625", "test0625\test0625.deployproj", "{6A3EFD0A-0BBC-4261-AD94-09E1F8E959A8}"
EndProject
Global
	GlobalSection(SolutionConfigurationPlatforms) = preSolution
		Debug|Any CPU = Debug|Any CPU
		Release|Any CPU = Release|Any CPU
	EndGlobalSection
	GlobalSection(ProjectConfigurationPlatforms) = postSolution
		{6A3EFD0A-0BBC-4261-AD94-09E1F8E959A8}.Debug|Any CPU.ActiveCfg = Debug|Any CPU
		{6A3EFD0A-0BBC-4261-AD94-09E1F8E959A8}.Debug|Any CPU.Build.0 = Debug|Any CPU
		{6A3EFD0A-0BBC-4261-AD94-09E1F8E959A8}.Release|Any CPU.ActiveCfg = Release|Any CPU
		{6A3EFD0A-0BBC-4261-AD94-09E1F8E959A8}.Release|Any CPU.Build.0 = Release|Any CPU
	EndGlobalSection
	GlobalSection(SolutionProperties) = preSolution
		HideSolutionNode = FALSE
	EndGlobalSection
	GlobalSection(ExtensibilityGlobals) = postSolution
		SolutionGuid = {E63EF7AF-EA08-4700-A9C8-BDFA3F1C0A38}
	EndGlobalSection
EndGlobal
